
Microsoft Visual Studio Solution File, Format Version 10.00
# Visual Studio 2008
Project("{8BC9CEB8-8B4A-11D0-8D11-00A0C91BC942}") = "Checker4", "Checker4.vcproj", "{99E57C21-C136-43EC-B2C4-DA881B7DF3BB}"
EndProject
Global
	GlobalSection(SolutionConfigurationPlatforms) = preSolution
		Debug|Win32 = Debug|Win32
		Release|Win32 = Release|Win32
	EndGlobalSection
	GlobalSection(ProjectConfigurationPlatforms) = postSolution
		{99E57C21-C136-43EC-B2C4-DA881B7DF3BB}.Debug|Win32.ActiveCfg = Debug|Win32
		{99E57C21-C136-43EC-B2C4-DA881B7DF3BB}.Debug|Win32.Build.0 = Debug|Win32
		{99E57C21-C136-43EC-B2C4-DA881B7DF3BB}.Release|Win32.ActiveCfg = Release|Win32
		{99E57C21-C136-43EC-B2C4-DA881B7DF3BB}.Release|Win32.Build.0 = Release|Win32
	EndGlobalSection
	GlobalSection(SolutionProperties) = preSolution
		HideSolutionNode = FALSE
	EndGlobalSection
EndGlobal
