
Microsoft Visual Studio Solution File, Format Version 10.00
# Visual Studio 2008
Project("{8BC9CEB8-8B4A-11D0-8D11-00A0C91BC942}") = "LINEDEMO", "LINEDEMO.vcproj", "{9D72F2AD-7898-4C9B-B490-6AA8A4210710}"
EndProject
Global
	GlobalSection(SolutionConfigurationPlatforms) = preSolution
		Debug|Win32 = Debug|Win32
		Release|Win32 = Release|Win32
	EndGlobalSection
	GlobalSection(ProjectConfigurationPlatforms) = postSolution
		{9D72F2AD-7898-4C9B-B490-6AA8A4210710}.Debug|Win32.ActiveCfg = Debug|Win32
		{9D72F2AD-7898-4C9B-B490-6AA8A4210710}.Debug|Win32.Build.0 = Debug|Win32
		{9D72F2AD-7898-4C9B-B490-6AA8A4210710}.Release|Win32.ActiveCfg = Release|Win32
		{9D72F2AD-7898-4C9B-B490-6AA8A4210710}.Release|Win32.Build.0 = Release|Win32
	EndGlobalSection
	GlobalSection(SolutionProperties) = preSolution
		HideSolutionNode = FALSE
	EndGlobalSection
EndGlobal
