
Microsoft Visual Studio Solution File, Format Version 10.00
# Visual Studio 2008
Project("{8BC9CEB8-8B4A-11D0-8D11-00A0C91BC942}") = "KeyView2", "KeyView2.vcproj", "{754E4B56-718C-496A-8C9C-5F5861196FAB}"
EndProject
Global
	GlobalSection(SolutionConfigurationPlatforms) = preSolution
		Debug|Win32 = Debug|Win32
		Release|Win32 = Release|Win32
	EndGlobalSection
	GlobalSection(ProjectConfigurationPlatforms) = postSolution
		{754E4B56-718C-496A-8C9C-5F5861196FAB}.Debug|Win32.ActiveCfg = Debug|Win32
		{754E4B56-718C-496A-8C9C-5F5861196FAB}.Debug|Win32.Build.0 = Debug|Win32
		{754E4B56-718C-496A-8C9C-5F5861196FAB}.Release|Win32.ActiveCfg = Release|Win32
		{754E4B56-718C-496A-8C9C-5F5861196FAB}.Release|Win32.Build.0 = Release|Win32
	EndGlobalSection
	GlobalSection(SolutionProperties) = preSolution
		HideSolutionNode = FALSE
	EndGlobalSection
EndGlobal
