
Microsoft Visual Studio Solution File, Format Version 11.00
# Visual Studio 2010
Project("{8BC9CEB8-8B4A-11D0-8D11-00A0C91BC942}") = "ICONDEMO", "ICONDEMO\ICONDEMO.vcxproj", "{9BCA5771-FEE0-4A4F-B890-0B867D6229CE}"
EndProject
Global
	GlobalSection(SolutionConfigurationPlatforms) = preSolution
		Debug|Win32 = Debug|Win32
		Release|Win32 = Release|Win32
	EndGlobalSection
	GlobalSection(ProjectConfigurationPlatforms) = postSolution
		{9BCA5771-FEE0-4A4F-B890-0B867D6229CE}.Debug|Win32.ActiveCfg = Debug|Win32
		{9BCA5771-FEE0-4A4F-B890-0B867D6229CE}.Debug|Win32.Build.0 = Debug|Win32
		{9BCA5771-FEE0-4A4F-B890-0B867D6229CE}.Release|Win32.ActiveCfg = Release|Win32
		{9BCA5771-FEE0-4A4F-B890-0B867D6229CE}.Release|Win32.Build.0 = Release|Win32
	EndGlobalSection
	GlobalSection(SolutionProperties) = preSolution
		HideSolutionNode = FALSE
	EndGlobalSection
EndGlobal
