
Microsoft Visual Studio Solution File, Format Version 10.00
# Visual Studio 2008
Project("{8BC9CEB8-8B4A-11D0-8D11-00A0C91BC942}") = "SINEWAVE", "SINEWAVE.vcproj", "{D4EE5F5E-CEC5-465B-90E2-F98A560F90A2}"
EndProject
Global
	GlobalSection(SolutionConfigurationPlatforms) = preSolution
		Debug|Win32 = Debug|Win32
		Release|Win32 = Release|Win32
	EndGlobalSection
	GlobalSection(ProjectConfigurationPlatforms) = postSolution
		{D4EE5F5E-CEC5-465B-90E2-F98A560F90A2}.Debug|Win32.ActiveCfg = Debug|Win32
		{D4EE5F5E-CEC5-465B-90E2-F98A560F90A2}.Debug|Win32.Build.0 = Debug|Win32
		{D4EE5F5E-CEC5-465B-90E2-F98A560F90A2}.Release|Win32.ActiveCfg = Release|Win32
		{D4EE5F5E-CEC5-465B-90E2-F98A560F90A2}.Release|Win32.Build.0 = Release|Win32
	EndGlobalSection
	GlobalSection(SolutionProperties) = preSolution
		HideSolutionNode = FALSE
	EndGlobalSection
EndGlobal
